
Microsoft Visual Studio Solution File, Format Version 12.00
# Visual Studio Version 16
VisualStudioVersion = 16.0.30621.155
MinimumVisualStudioVersion = 10.0.40219.1
Project("{FAE04EC0-301F-11D3-BF4B-00C04F79EFBC}") = "WebSocketChatApp", "WebSocketChatApp\WebSocketChatApp.csproj", "{025478E0-8EB3-4A24-B64A-1815E3DB5E47}"
EndProject
Global
	GlobalSection(SolutionConfigurationPlatforms) = preSolution
		Debug|Any CPU = Debug|Any CPU
		Release|Any CPU = Release|Any CPU
	EndGlobalSection
	GlobalSection(ProjectConfigurationPlatforms) = postSolution
		{025478E0-8EB3-4A24-B64A-1815E3DB5E47}.Debug|Any CPU.ActiveCfg = Debug|Any CPU
		{025478E0-8EB3-4A24-B64A-1815E3DB5E47}.Debug|Any CPU.Build.0 = Debug|Any CPU
		{025478E0-8EB3-4A24-B64A-1815E3DB5E47}.Release|Any CPU.ActiveCfg = Release|Any CPU
		{025478E0-8EB3-4A24-B64A-1815E3DB5E47}.Release|Any CPU.Build.0 = Release|Any CPU
	EndGlobalSection
	GlobalSection(SolutionProperties) = preSolution
		HideSolutionNode = FALSE
	EndGlobalSection
	GlobalSection(ExtensibilityGlobals) = postSolution
		SolutionGuid = {6995996B-27EF-479C-9988-5380CD2F345D}
	EndGlobalSection
EndGlobal
